
Microsoft Visual Studio Solution File, Format Version 12.00
# Visual Studio 15
VisualStudioVersion = 15.0.27703.2042
MinimumVisualStudioVersion = 10.0.40219.1
Project("{8BC9CEB8-8B4A-11D0-8D11-00A0C91BC942}") = "pagan", "pagan\pagan.vcxproj", "{256C338C-36E5-4000-82E7-4490FFA0FD8C}"
EndProject
Global
	GlobalSection(SolutionConfigurationPlatforms) = preSolution
		Debug|x64 = Debug|x64
		Debug|x86 = Debug|x86
		Release|x64 = Release|x64
		Release|x86 = Release|x86
		RelWithDbgInfo|x64 = RelWithDbgInfo|x64
		RelWithDbgInfo|x86 = RelWithDbgInfo|x86
	EndGlobalSection
	GlobalSection(ProjectConfigurationPlatforms) = postSolution
		{256C338C-36E5-4000-82E7-4490FFA0FD8C}.Debug|x64.ActiveCfg = Debug|x64
		{256C338C-36E5-4000-82E7-4490FFA0FD8C}.Debug|x64.Build.0 = Debug|x64
		{256C338C-36E5-4000-82E7-4490FFA0FD8C}.Debug|x86.ActiveCfg = Debug|Win32
		{256C338C-36E5-4000-82E7-4490FFA0FD8C}.Debug|x86.Build.0 = Debug|Win32
		{256C338C-36E5-4000-82E7-4490FFA0FD8C}.Release|x64.ActiveCfg = Release|x64
		{256C338C-36E5-4000-82E7-4490FFA0FD8C}.Release|x64.Build.0 = Release|x64
		{256C338C-36E5-4000-82E7-4490FFA0FD8C}.Release|x86.ActiveCfg = Release|Win32
		{256C338C-36E5-4000-82E7-4490FFA0FD8C}.Release|x86.Build.0 = Release|Win32
		{256C338C-36E5-4000-82E7-4490FFA0FD8C}.RelWithDbgInfo|x64.ActiveCfg = RelWithDbgInfo|x64
		{256C338C-36E5-4000-82E7-4490FFA0FD8C}.RelWithDbgInfo|x64.Build.0 = RelWithDbgInfo|x64
		{256C338C-36E5-4000-82E7-4490FFA0FD8C}.RelWithDbgInfo|x86.ActiveCfg = RelWithDbgInfo|Win32
		{256C338C-36E5-4000-82E7-4490FFA0FD8C}.RelWithDbgInfo|x86.Build.0 = RelWithDbgInfo|Win32
	EndGlobalSection
	GlobalSection(SolutionProperties) = preSolution
		HideSolutionNode = FALSE
	EndGlobalSection
	GlobalSection(ExtensibilityGlobals) = postSolution
		SolutionGuid = {ABD65F26-A3EA-4E23-9A9A-3107458C14EE}
	EndGlobalSection
	GlobalSection(Performance) = preSolution
		HasPerformanceSessions = true
	EndGlobalSection
	GlobalSection(Performance) = preSolution
		HasPerformanceSessions = true
	EndGlobalSection
	GlobalSection(Performance) = preSolution
		HasPerformanceSessions = true
	EndGlobalSection
	GlobalSection(Performance) = preSolution
		HasPerformanceSessions = true
	EndGlobalSection
	GlobalSection(Performance) = preSolution
		HasPerformanceSessions = true
	EndGlobalSection
	GlobalSection(Performance) = preSolution
		HasPerformanceSessions = true
	EndGlobalSection
	GlobalSection(Performance) = preSolution
		HasPerformanceSessions = true
	EndGlobalSection
	GlobalSection(Performance) = preSolution
		HasPerformanceSessions = true
	EndGlobalSection
	GlobalSection(Performance) = preSolution
		HasPerformanceSessions = true
	EndGlobalSection
	GlobalSection(Performance) = preSolution
		HasPerformanceSessions = true
	EndGlobalSection
	GlobalSection(Performance) = preSolution
		HasPerformanceSessions = true
	EndGlobalSection
	GlobalSection(Performance) = preSolution
		HasPerformanceSessions = true
	EndGlobalSection
	GlobalSection(Performance) = preSolution
		HasPerformanceSessions = true
	EndGlobalSection
	GlobalSection(Performance) = preSolution
		HasPerformanceSessions = true
	EndGlobalSection
	GlobalSection(Performance) = preSolution
		HasPerformanceSessions = true
	EndGlobalSection
	GlobalSection(Performance) = preSolution
		HasPerformanceSessions = true
	EndGlobalSection
	GlobalSection(Performance) = preSolution
		HasPerformanceSessions = true
	EndGlobalSection
	GlobalSection(Performance) = preSolution
		HasPerformanceSessions = true
	EndGlobalSection
	GlobalSection(Performance) = preSolution
		HasPerformanceSessions = true
	EndGlobalSection
	GlobalSection(Performance) = preSolution
		HasPerformanceSessions = true
	EndGlobalSection
	GlobalSection(Performance) = preSolution
		HasPerformanceSessions = true
	EndGlobalSection
	GlobalSection(Performance) = preSolution
		HasPerformanceSessions = true
	EndGlobalSection
	GlobalSection(Performance) = preSolution
		HasPerformanceSessions = true
	EndGlobalSection
	GlobalSection(Performance) = preSolution
		HasPerformanceSessions = true
	EndGlobalSection
EndGlobal
